
Microsoft Visual Studio Solution File, Format Version 12.00
# Visual Studio Version 16
VisualStudioVersion = 16.0.29806.167
MinimumVisualStudioVersion = 10.0.40219.1
Project("{FAE04EC0-301F-11D3-BF4B-00C04F79EFBC}") = "PRG2_20192_P4_2_2_03", "PRG2_20192_P4_2_2_03\PRG2_20192_P4_2_2_03.csproj", "{8C7BC5DA-F26E-48D5-BA11-0F5FC7FC501B}"
EndProject
Project("{FAE04EC0-301F-11D3-BF4B-00C04F79EFBC}") = "PRG2_20192_P4_2_2_03_TestClock", "PRG2_20192_P4_2_2_03_TestClock\PRG2_20192_P4_2_2_03_TestClock.csproj", "{B16E8C7E-1B2D-4CB1-A4DF-9D82276845CB}"
EndProject
Global
	GlobalSection(SolutionConfigurationPlatforms) = preSolution
		Debug|Any CPU = Debug|Any CPU
		Release|Any CPU = Release|Any CPU
	EndGlobalSection
	GlobalSection(ProjectConfigurationPlatforms) = postSolution
		{8C7BC5DA-F26E-48D5-BA11-0F5FC7FC501B}.Debug|Any CPU.ActiveCfg = Debug|Any CPU
		{8C7BC5DA-F26E-48D5-BA11-0F5FC7FC501B}.Debug|Any CPU.Build.0 = Debug|Any CPU
		{8C7BC5DA-F26E-48D5-BA11-0F5FC7FC501B}.Release|Any CPU.ActiveCfg = Release|Any CPU
		{8C7BC5DA-F26E-48D5-BA11-0F5FC7FC501B}.Release|Any CPU.Build.0 = Release|Any CPU
		{B16E8C7E-1B2D-4CB1-A4DF-9D82276845CB}.Debug|Any CPU.ActiveCfg = Debug|Any CPU
		{B16E8C7E-1B2D-4CB1-A4DF-9D82276845CB}.Debug|Any CPU.Build.0 = Debug|Any CPU
		{B16E8C7E-1B2D-4CB1-A4DF-9D82276845CB}.Release|Any CPU.ActiveCfg = Release|Any CPU
		{B16E8C7E-1B2D-4CB1-A4DF-9D82276845CB}.Release|Any CPU.Build.0 = Release|Any CPU
	EndGlobalSection
	GlobalSection(SolutionProperties) = preSolution
		HideSolutionNode = FALSE
	EndGlobalSection
	GlobalSection(ExtensibilityGlobals) = postSolution
		SolutionGuid = {F647B80E-9EE9-41A0-9DC6-1510C35A6147}
	EndGlobalSection
EndGlobal
